
Microsoft Visual Studio Solution File, Format Version 12.00
# Visual Studio Version 16
VisualStudioVersion = 16.0.31229.75
MinimumVisualStudioVersion = 10.0.40219.1
Project("{9A19103F-16F7-4668-BE54-9A1E7A4F7556}") = "TransnationalLanka.ThreePL.WebApi", "TransnationalLanka.ThreePL.WebApi\TransnationalLanka.ThreePL.WebApi.csproj", "{29D9FD76-0ACF-4C88-BAAA-915B7A8957AB}"
EndProject
Project("{9A19103F-16F7-4668-BE54-9A1E7A4F7556}") = "TransnationalLanka.ThreePL.Core", "TransnationalLanka.ThreePL.Core\TransnationalLanka.ThreePL.Core.csproj", "{83AF059E-10DD-42B1-BF37-89A2A1082ED4}"
EndProject
Project("{9A19103F-16F7-4668-BE54-9A1E7A4F7556}") = "TransnationalLanka.ThreePL.Dal", "TransnationalLanka.ThreePL.Dal\TransnationalLanka.ThreePL.Dal.csproj", "{4D34EB78-47F0-4216-A527-D04D16562670}"
EndProject
Project("{9A19103F-16F7-4668-BE54-9A1E7A4F7556}") = "TransnationalLanka.ThreePL.Services", "TransnationalLanka.ThreePL.Services\TransnationalLanka.ThreePL.Services.csproj", "{1C2DE114-B193-4E87-B108-D1B8ABF95BA5}"
EndProject
Project("{2150E333-8FDC-42A3-9474-1A3956D46DE8}") = "Integrations", "Integrations", "{4FA2F452-823C-4C90-94FE-91457AC142DB}"
EndProject
Global
	GlobalSection(SolutionConfigurationPlatforms) = preSolution
		Debug|Any CPU = Debug|Any CPU
		Release|Any CPU = Release|Any CPU
	EndGlobalSection
	GlobalSection(ProjectConfigurationPlatforms) = postSolution
		{29D9FD76-0ACF-4C88-BAAA-915B7A8957AB}.Debug|Any CPU.ActiveCfg = Debug|Any CPU
		{29D9FD76-0ACF-4C88-BAAA-915B7A8957AB}.Debug|Any CPU.Build.0 = Debug|Any CPU
		{29D9FD76-0ACF-4C88-BAAA-915B7A8957AB}.Release|Any CPU.ActiveCfg = Release|Any CPU
		{29D9FD76-0ACF-4C88-BAAA-915B7A8957AB}.Release|Any CPU.Build.0 = Release|Any CPU
		{83AF059E-10DD-42B1-BF37-89A2A1082ED4}.Debug|Any CPU.ActiveCfg = Debug|Any CPU
		{83AF059E-10DD-42B1-BF37-89A2A1082ED4}.Debug|Any CPU.Build.0 = Debug|Any CPU
		{83AF059E-10DD-42B1-BF37-89A2A1082ED4}.Release|Any CPU.ActiveCfg = Release|Any CPU
		{83AF059E-10DD-42B1-BF37-89A2A1082ED4}.Release|Any CPU.Build.0 = Release|Any CPU
		{4D34EB78-47F0-4216-A527-D04D16562670}.Debug|Any CPU.ActiveCfg = Debug|Any CPU
		{4D34EB78-47F0-4216-A527-D04D16562670}.Debug|Any CPU.Build.0 = Debug|Any CPU
		{4D34EB78-47F0-4216-A527-D04D16562670}.Release|Any CPU.ActiveCfg = Release|Any CPU
		{4D34EB78-47F0-4216-A527-D04D16562670}.Release|Any CPU.Build.0 = Release|Any CPU
		{1C2DE114-B193-4E87-B108-D1B8ABF95BA5}.Debug|Any CPU.ActiveCfg = Debug|Any CPU
		{1C2DE114-B193-4E87-B108-D1B8ABF95BA5}.Debug|Any CPU.Build.0 = Debug|Any CPU
		{1C2DE114-B193-4E87-B108-D1B8ABF95BA5}.Release|Any CPU.ActiveCfg = Release|Any CPU
		{1C2DE114-B193-4E87-B108-D1B8ABF95BA5}.Release|Any CPU.Build.0 = Release|Any CPU
	EndGlobalSection
	GlobalSection(SolutionProperties) = preSolution
		HideSolutionNode = FALSE
	EndGlobalSection
	GlobalSection(ExtensibilityGlobals) = postSolution
		SolutionGuid = {7C12DB92-B0DD-4C6A-B0D6-BCADE7E6227A}
	EndGlobalSection
EndGlobal
